// !$*UTF8*$!
{
	archiveVersion = 1;
	classes = {
	};
	objectVersion = 46;
	objects = {

/* Begin PBXBuildFile section */
		5A3ED2DD49B7DD35AA168DD1 /* libPods-iPhoneAvailability.a in Frameworks */ = {isa = PBXBuildFile; fileRef = 074EA31B8B984D44B675756E /* libPods-iPhoneAvailability.a */; };
		C64C629F1D993D5800547D86 /* AppDelegate.m in Sources */ = {isa = PBXBuildFile; fileRef = C64C629E1D993D5800547D86 /* AppDelegate.m */; };
		C64C62A21D993D5800547D86 /* main.m in Sources */ = {isa = PBXBuildFile; fileRef = C64C62A11D993D5800547D86 /* main.m */; };
		C64C62A51D993D5800547D86 /* ViewController.m in Sources */ = {isa = PBXBuildFile; fileRef = C64C62A41D993D5800547D86 /* ViewController.m */; };
		C64C62A71D993D5800547D86 /* Assets.xcassets in Resources */ = {isa = PBXBuildFile; fileRef = C64C62A61D993D5800547D86 /* Assets.xcassets */; };
		C64C62AA1D993D5800547D86 /* Main.storyboard in Resources */ = {isa = PBXBuildFile; fileRef = C64C62A81D993D5800547D86 /* Main.storyboard */; };
		C64C62B51D993D5800547D86 /* iPhoneAvailabilityTests.m in Sources */ = {isa = PBXBuildFile; fileRef = C64C62B41D993D5800547D86 /* iPhoneAvailabilityTests.m */; };
		C64C62C01D993D5800547D86 /* iPhoneAvailabilityUITests.m in Sources */ = {isa = PBXBuildFile; fileRef = C64C62BF1D993D5800547D86 /* iPhoneAvailabilityUITests.m */; };
		C64C62CF1D993E9400547D86 /* AvaliablilityChecker.m in Sources */ = {isa = PBXBuildFile; fileRef = C64C62CE1D993E9400547D86 /* AvaliablilityChecker.m */; };
		C67AF9F61D996490006A8DA9 /* mock.json in Resources */ = {isa = PBXBuildFile; fileRef = C67AF9F51D996490006A8DA9 /* mock.json */; };
/* End PBXBuildFile section */

/* Begin PBXContainerItemProxy section */
		C64C62B11D993D5800547D86 /* PBXContainerItemProxy */ = {
			isa = PBXContainerItemProxy;
			containerPortal = C64C62921D993D5800547D86 /* Project object */;
			proxyType = 1;
			remoteGlobalIDString = C64C62991D993D5800547D86;
			remoteInfo = iPhoneAvailability;
		};
		C64C62BC1D993D5800547D86 /* PBXContainerItemProxy */ = {
			isa = PBXContainerItemProxy;
			containerPortal = C64C62921D993D5800547D86 /* Project object */;
			proxyType = 1;
			remoteGlobalIDString = C64C62991D993D5800547D86;
			remoteInfo = iPhoneAvailability;
		};
/* End PBXContainerItemProxy section */

/* Begin PBXFileReference section */
		074EA31B8B984D44B675756E /* libPods-iPhoneAvailability.a */ = {isa = PBXFileReference; explicitFileType = archive.ar; includeInIndex = 0; path = "libPods-iPhoneAvailability.a"; sourceTree = BUILT_PRODUCTS_DIR; };
		7DBE51BDACA73313CCFBDFD6 /* Pods-iPhoneAvailability.release.xcconfig */ = {isa = PBXFileReference; includeInIndex = 1; lastKnownFileType = text.xcconfig; name = "Pods-iPhoneAvailability.release.xcconfig"; path = "Pods/Target Support Files/Pods-iPhoneAvailability/Pods-iPhoneAvailability.release.xcconfig"; sourceTree = "<group>"; };
		C64C629A1D993D5800547D86 /* iPhoneAvailability.app */ = {isa = PBXFileReference; explicitFileType = wrapper.application; includeInIndex = 0; path = iPhoneAvailability.app; sourceTree = BUILT_PRODUCTS_DIR; };
		C64C629D1D993D5800547D86 /* AppDelegate.h */ = {isa = PBXFileReference; lastKnownFileType = sourcecode.c.h; path = AppDelegate.h; sourceTree = "<group>"; };
		C64C629E1D993D5800547D86 /* AppDelegate.m */ = {isa = PBXFileReference; lastKnownFileType = sourcecode.c.objc; path = AppDelegate.m; sourceTree = "<group>"; };
		C64C62A11D993D5800547D86 /* main.m */ = {isa = PBXFileReference; lastKnownFileType = sourcecode.c.objc; path = main.m; sourceTree = "<group>"; };
		C64C62A31D993D5800547D86 /* ViewController.h */ = {isa = PBXFileReference; lastKnownFileType = sourcecode.c.h; path = ViewController.h; sourceTree = "<group>"; };
		C64C62A41D993D5800547D86 /* ViewController.m */ = {isa = PBXFileReference; lastKnownFileType = sourcecode.c.objc; path = ViewController.m; sourceTree = "<group>"; };
		C64C62A61D993D5800547D86 /* Assets.xcassets */ = {isa = PBXFileReference; lastKnownFileType = folder.assetcatalog; path = Assets.xcassets; sourceTree = "<group>"; };
		C64C62A91D993D5800547D86 /* Base */ = {isa = PBXFileReference; lastKnownFileType = file.storyboard; name = Base; path = Base.lproj/Main.storyboard; sourceTree = "<group>"; };
		C64C62AB1D993D5800547D86 /* Info.plist */ = {isa = PBXFileReference; lastKnownFileType = text.plist.xml; path = Info.plist; sourceTree = "<group>"; };
		C64C62B01D993D5800547D86 /* iPhoneAvailabilityTests.xctest */ = {isa = PBXFileReference; explicitFileType = wrapper.cfbundle; includeInIndex = 0; path = iPhoneAvailabilityTests.xctest; sourceTree = BUILT_PRODUCTS_DIR; };
		C64C62B41D993D5800547D86 /* iPhoneAvailabilityTests.m */ = {isa = PBXFileReference; lastKnownFileType = sourcecode.c.objc; path = iPhoneAvailabilityTests.m; sourceTree = "<group>"; };
		C64C62B61D993D5800547D86 /* Info.plist */ = {isa = PBXFileReference; lastKnownFileType = text.plist.xml; path = Info.plist; sourceTree = "<group>"; };
		C64C62BB1D993D5800547D86 /* iPhoneAvailabilityUITests.xctest */ = {isa = PBXFileReference; explicitFileType = wrapper.cfbundle; includeInIndex = 0; path = iPhoneAvailabilityUITests.xctest; sourceTree = BUILT_PRODUCTS_DIR; };
		C64C62BF1D993D5800547D86 /* iPhoneAvailabilityUITests.m */ = {isa = PBXFileReference; lastKnownFileType = sourcecode.c.objc; path = iPhoneAvailabilityUITests.m; sourceTree = "<group>"; };
		C64C62C11D993D5800547D86 /* Info.plist */ = {isa = PBXFileReference; lastKnownFileType = text.plist.xml; path = Info.plist; sourceTree = "<group>"; };
		C64C62CD1D993E9400547D86 /* AvaliablilityChecker.h */ = {isa = PBXFileReference; fileEncoding = 4; lastKnownFileType = sourcecode.c.h; path = AvaliablilityChecker.h; sourceTree = "<group>"; };
		C64C62CE1D993E9400547D86 /* AvaliablilityChecker.m */ = {isa = PBXFileReference; fileEncoding = 4; lastKnownFileType = sourcecode.c.objc; path = AvaliablilityChecker.m; sourceTree = "<group>"; };
		C67AF9F51D996490006A8DA9 /* mock.json */ = {isa = PBXFileReference; fileEncoding = 4; lastKnownFileType = text.json; path = mock.json; sourceTree = "<group>"; };
		C68881CD1D99F6CE00024257 /* Config.h */ = {isa = PBXFileReference; lastKnownFileType = sourcecode.c.h; path = Config.h; sourceTree = "<group>"; };
		D5968986389C9608D888FE08 /* Pods-iPhoneAvailability.debug.xcconfig */ = {isa = PBXFileReference; includeInIndex = 1; lastKnownFileType = text.xcconfig; name = "Pods-iPhoneAvailability.debug.xcconfig"; path = "Pods/Target Support Files/Pods-iPhoneAvailability/Pods-iPhoneAvailability.debug.xcconfig"; sourceTree = "<group>"; };
/* End PBXFileReference section */

/* Begin PBXFrameworksBuildPhase section */
		C64C62971D993D5800547D86 /* Frameworks */ = {
			isa = PBXFrameworksBuildPhase;
			buildActionMask = 2147483647;
			files = (
				5A3ED2DD49B7DD35AA168DD1 /* libPods-iPhoneAvailability.a in Frameworks */,
			);
			runOnlyForDeploymentPostprocessing = 0;
		};
		C64C62AD1D993D5800547D86 /* Frameworks */ = {
			isa = PBXFrameworksBuildPhase;
			buildActionMask = 2147483647;
			files = (
			);
			runOnlyForDeploymentPostprocessing = 0;
		};
		C64C62B81D993D5800547D86 /* Frameworks */ = {
			isa = PBXFrameworksBuildPhase;
			buildActionMask = 2147483647;
			files = (
			);
			runOnlyForDeploymentPostprocessing = 0;
		};
/* End PBXFrameworksBuildPhase section */

/* Begin PBXGroup section */
		71E74F3F98BE0685C15460A7 /* Pods */ = {
			isa = PBXGroup;
			children = (
				D5968986389C9608D888FE08 /* Pods-iPhoneAvailability.debug.xcconfig */,
				7DBE51BDACA73313CCFBDFD6 /* Pods-iPhoneAvailability.release.xcconfig */,
			);
			name = Pods;
			sourceTree = "<group>";
		};
		A71ACE3E12985228A90235F4 /* Frameworks */ = {
			isa = PBXGroup;
			children = (
				074EA31B8B984D44B675756E /* libPods-iPhoneAvailability.a */,
			);
			name = Frameworks;
			sourceTree = "<group>";
		};
		C64C62911D993D5800547D86 = {
			isa = PBXGroup;
			children = (
				C64C629C1D993D5800547D86 /* iPhoneAvailability */,
				C64C62B31D993D5800547D86 /* iPhoneAvailabilityTests */,
				C64C62BE1D993D5800547D86 /* iPhoneAvailabilityUITests */,
				C64C629B1D993D5800547D86 /* Products */,
				71E74F3F98BE0685C15460A7 /* Pods */,
				A71ACE3E12985228A90235F4 /* Frameworks */,
			);
			sourceTree = "<group>";
		};
		C64C629B1D993D5800547D86 /* Products */ = {
			isa = PBXGroup;
			children = (
				C64C629A1D993D5800547D86 /* iPhoneAvailability.app */,
				C64C62B01D993D5800547D86 /* iPhoneAvailabilityTests.xctest */,
				C64C62BB1D993D5800547D86 /* iPhoneAvailabilityUITests.xctest */,
			);
			name = Products;
			sourceTree = "<group>";
		};
		C64C629C1D993D5800547D86 /* iPhoneAvailability */ = {
			isa = PBXGroup;
			children = (
				C68881CD1D99F6CE00024257 /* Config.h */,
				C64C629D1D993D5800547D86 /* AppDelegate.h */,
				C64C629E1D993D5800547D86 /* AppDelegate.m */,
				C64C62CD1D993E9400547D86 /* AvaliablilityChecker.h */,
				C64C62CE1D993E9400547D86 /* AvaliablilityChecker.m */,
				C64C62A31D993D5800547D86 /* ViewController.h */,
				C64C62A41D993D5800547D86 /* ViewController.m */,
				C67AF9F51D996490006A8DA9 /* mock.json */,
				C64C62A61D993D5800547D86 /* Assets.xcassets */,
				C64C62A81D993D5800547D86 /* Main.storyboard */,
				C64C62AB1D993D5800547D86 /* Info.plist */,
				C64C62A01D993D5800547D86 /* Supporting Files */,
			);
			path = iPhoneAvailability;
			sourceTree = "<group>";
		};
		C64C62A01D993D5800547D86 /* Supporting Files */ = {
			isa = PBXGroup;
			children = (
				C64C62A11D993D5800547D86 /* main.m */,
			);
			name = "Supporting Files";
			sourceTree = "<group>";
		};
		C64C62B31D993D5800547D86 /* iPhoneAvailabilityTests */ = {
			isa = PBXGroup;
			children = (
				C64C62B41D993D5800547D86 /* iPhoneAvailabilityTests.m */,
				C64C62B61D993D5800547D86 /* Info.plist */,
			);
			path = iPhoneAvailabilityTests;
			sourceTree = "<group>";
		};
		C64C62BE1D993D5800547D86 /* iPhoneAvailabilityUITests */ = {
			isa = PBXGroup;
			children = (
				C64C62BF1D993D5800547D86 /* iPhoneAvailabilityUITests.m */,
				C64C62C11D993D5800547D86 /* Info.plist */,
			);
			path = iPhoneAvailabilityUITests;
			sourceTree = "<group>";
		};
/* End PBXGroup section */

/* Begin PBXNativeTarget section */
		C64C62991D993D5800547D86 /* iPhoneAvailability */ = {
			isa = PBXNativeTarget;
			buildConfigurationList = C64C62C41D993D5800547D86 /* Build configuration list for PBXNativeTarget "iPhoneAvailability" */;
			buildPhases = (
				F1A65FC80F6F038FE12AF1BD /* Check Pods Manifest.lock */,
				C64C62961D993D5800547D86 /* Sources */,
				C64C62971D993D5800547D86 /* Frameworks */,
				C64C62981D993D5800547D86 /* Resources */,
				B7E44558670B3E20F785E748 /* Embed Pods Frameworks */,
				5581F06B1AC542A66E64CA5A /* Copy Pods Resources */,
			);
			buildRules = (
			);
			dependencies = (
			);
			name = iPhoneAvailability;
			productName = iPhoneAvailability;
			productReference = C64C629A1D993D5800547D86 /* iPhoneAvailability.app */;
			productType = "com.apple.product-type.application";
		};
		C64C62AF1D993D5800547D86 /* iPhoneAvailabilityTests */ = {
			isa = PBXNativeTarget;
			buildConfigurationList = C64C62C71D993D5800547D86 /* Build configuration list for PBXNativeTarget "iPhoneAvailabilityTests" */;
			buildPhases = (
				C64C62AC1D993D5800547D86 /* Sources */,
				C64C62AD1D993D5800547D86 /* Frameworks */,
				C64C62AE1D993D5800547D86 /* Resources */,
			);
			buildRules = (
			);
			dependencies = (
				C64C62B21D993D5800547D86 /* PBXTargetDependency */,
			);
			name = iPhoneAvailabilityTests;
			productName = iPhoneAvailabilityTests;
			productReference = C64C62B01D993D5800547D86 /* iPhoneAvailabilityTests.xctest */;
			productType = "com.apple.product-type.bundle.unit-test";
		};
		C64C62BA1D993D5800547D86 /* iPhoneAvailabilityUITests */ = {
			isa = PBXNativeTarget;
			buildConfigurationList = C64C62CA1D993D5800547D86 /* Build configuration list for PBXNativeTarget "iPhoneAvailabilityUITests" */;
			buildPhases = (
				C64C62B71D993D5800547D86 /* Sources */,
				C64C62B81D993D5800547D86 /* Frameworks */,
				C64C62B91D993D5800547D86 /* Resources */,
			);
			buildRules = (
			);
			dependencies = (
				C64C62BD1D993D5800547D86 /* PBXTargetDependency */,
			);
			name = iPhoneAvailabilityUITests;
			productName = iPhoneAvailabilityUITests;
			productReference = C64C62BB1D993D5800547D86 /* iPhoneAvailabilityUITests.xctest */;
			productType = "com.apple.product-type.bundle.ui-testing";
		};
/* End PBXNativeTarget section */

/* Begin PBXProject section */
		C64C62921D993D5800547D86 /* Project object */ = {
			isa = PBXProject;
			attributes = {
				LastUpgradeCheck = 0800;
				ORGANIZATIONNAME = wutian;
				TargetAttributes = {
					C64C62991D993D5800547D86 = {
						CreatedOnToolsVersion = 8.0;
						DevelopmentTeam = DMJXDB9H6Q;
						ProvisioningStyle = Automatic;
					};
					C64C62AF1D993D5800547D86 = {
						CreatedOnToolsVersion = 8.0;
						DevelopmentTeam = DMJXDB9H6Q;
						ProvisioningStyle = Automatic;
						TestTargetID = C64C62991D993D5800547D86;
					};
					C64C62BA1D993D5800547D86 = {
						CreatedOnToolsVersion = 8.0;
						DevelopmentTeam = DMJXDB9H6Q;
						ProvisioningStyle = Automatic;
						TestTargetID = C64C62991D993D5800547D86;
					};
				};
			};
			buildConfigurationList = C64C62951D993D5800547D86 /* Build configuration list for PBXProject "iPhoneAvailability" */;
			compatibilityVersion = "Xcode 3.2";
			developmentRegion = English;
			hasScannedForEncodings = 0;
			knownRegions = (
				en,
				Base,
			);
			mainGroup = C64C62911D993D5800547D86;
			productRefGroup = C64C629B1D993D5800547D86 /* Products */;
			projectDirPath = "";
			projectRoot = "";
			targets = (
				C64C62991D993D5800547D86 /* iPhoneAvailability */,
				C64C62AF1D993D5800547D86 /* iPhoneAvailabilityTests */,
				C64C62BA1D993D5800547D86 /* iPhoneAvailabilityUITests */,
			);
		};
/* End PBXProject section */

/* Begin PBXResourcesBuildPhase section */
		C64C62981D993D5800547D86 /* Resources */ = {
			isa = PBXResourcesBuildPhase;
			buildActionMask = 2147483647;
			files = (
				C64C62A71D993D5800547D86 /* Assets.xcassets in Resources */,
				C64C62AA1D993D5800547D86 /* Main.storyboard in Resources */,
				C67AF9F61D996490006A8DA9 /* mock.json in Resources */,
			);
			runOnlyForDeploymentPostprocessing = 0;
		};
		C64C62AE1D993D5800547D86 /* Resources */ = {
			isa = PBXResourcesBuildPhase;
			buildActionMask = 2147483647;
			files = (
			);
			runOnlyForDeploymentPostprocessing = 0;
		};
		C64C62B91D993D5800547D86 /* Resources */ = {
			isa = PBXResourcesBuildPhase;
			buildActionMask = 2147483647;
			files = (
			);
			runOnlyForDeploymentPostprocessing = 0;
		};
/* End PBXResourcesBuildPhase section */

/* Begin PBXShellScriptBuildPhase section */
		5581F06B1AC542A66E64CA5A /* Copy Pods Resources */ = {
			isa = PBXShellScriptBuildPhase;
			buildActionMask = 2147483647;
			files = (
			);
			inputPaths = (
			);
			name = "Copy Pods Resources";
			outputPaths = (
			);
			runOnlyForDeploymentPostprocessing = 0;
			shellPath = /bin/sh;
			shellScript = "\"${SRCROOT}/Pods/Target Support Files/Pods-iPhoneAvailability/Pods-iPhoneAvailability-resources.sh\"\n";
			showEnvVarsInLog = 0;
		};
		B7E44558670B3E20F785E748 /* Embed Pods Frameworks */ = {
			isa = PBXShellScriptBuildPhase;
			buildActionMask = 2147483647;
			files = (
			);
			inputPaths = (
			);
			name = "Embed Pods Frameworks";
			outputPaths = (
			);
			runOnlyForDeploymentPostprocessing = 0;
			shellPath = /bin/sh;
			shellScript = "\"${SRCROOT}/Pods/Target Support Files/Pods-iPhoneAvailability/Pods-iPhoneAvailability-frameworks.sh\"\n";
			showEnvVarsInLog = 0;
		};
		F1A65FC80F6F038FE12AF1BD /* Check Pods Manifest.lock */ = {
			isa = PBXShellScriptBuildPhase;
			buildActionMask = 2147483647;
			files = (
			);
			inputPaths = (
			);
			name = "Check Pods Manifest.lock";
			outputPaths = (
			);
			runOnlyForDeploymentPostprocessing = 0;
			shellPath = /bin/sh;
			shellScript = "diff \"${PODS_ROOT}/../Podfile.lock\" \"${PODS_ROOT}/Manifest.lock\" > /dev/null\nif [[ $? != 0 ]] ; then\n    cat << EOM\nerror: The sandbox is not in sync with the Podfile.lock. Run 'pod install' or update your CocoaPods installation.\nEOM\n    exit 1\nfi\n";
			showEnvVarsInLog = 0;
		};
/* End PBXShellScriptBuildPhase section */

/* Begin PBXSourcesBuildPhase section */
		C64C62961D993D5800547D86 /* Sources */ = {
			isa = PBXSourcesBuildPhase;
			buildActionMask = 2147483647;
			files = (
				C64C62A51D993D5800547D86 /* ViewController.m in Sources */,
				C64C62CF1D993E9400547D86 /* AvaliablilityChecker.m in Sources */,
				C64C62A21D993D5800547D86 /* main.m in Sources */,
				C64C629F1D993D5800547D86 /* AppDelegate.m in Sources */,
			);
			runOnlyForDeploymentPostprocessing = 0;
		};
		C64C62AC1D993D5800547D86 /* Sources */ = {
			isa = PBXSourcesBuildPhase;
			buildActionMask = 2147483647;
			files = (
				C64C62B51D993D5800547D86 /* iPhoneAvailabilityTests.m in Sources */,
			);
			runOnlyForDeploymentPostprocessing = 0;
		};
		C64C62B71D993D5800547D86 /* Sources */ = {
			isa = PBXSourcesBuildPhase;
			buildActionMask = 2147483647;
			files = (
				C64C62C01D993D5800547D86 /* iPhoneAvailabilityUITests.m in Sources */,
			);
			runOnlyForDeploymentPostprocessing = 0;
		};
/* End PBXSourcesBuildPhase section */

/* Begin PBXTargetDependency section */
		C64C62B21D993D5800547D86 /* PBXTargetDependency */ = {
			isa = PBXTargetDependency;
			target = C64C62991D993D5800547D86 /* iPhoneAvailability */;
			targetProxy = C64C62B11D993D5800547D86 /* PBXContainerItemProxy */;
		};
		C64C62BD1D993D5800547D86 /* PBXTargetDependency */ = {
			isa = PBXTargetDependency;
			target = C64C62991D993D5800547D86 /* iPhoneAvailability */;
			targetProxy = C64C62BC1D993D5800547D86 /* PBXContainerItemProxy */;
		};
/* End PBXTargetDependency section */

/* Begin PBXVariantGroup section */
		C64C62A81D993D5800547D86 /* Main.storyboard */ = {
			isa = PBXVariantGroup;
			children = (
				C64C62A91D993D5800547D86 /* Base */,
			);
			name = Main.storyboard;
			sourceTree = "<group>";
		};
/* End PBXVariantGroup section */

/* Begin XCBuildConfiguration section */
		C64C62C21D993D5800547D86 /* Debug */ = {
			isa = XCBuildConfiguration;
			buildSettings = {
				ALWAYS_SEARCH_USER_PATHS = NO;
				CLANG_ANALYZER_NONNULL = YES;
				CLANG_CXX_LANGUAGE_STANDARD = "gnu++0x";
				CLANG_CXX_LIBRARY = "libc++";
				CLANG_ENABLE_MODULES = YES;
				CLANG_ENABLE_OBJC_ARC = YES;
				CLANG_WARN_BOOL_CONVERSION = YES;
				CLANG_WARN_CONSTANT_CONVERSION = YES;
				CLANG_WARN_DIRECT_OBJC_ISA_USAGE = YES_ERROR;
				CLANG_WARN_DOCUMENTATION_COMMENTS = YES;
				CLANG_WARN_EMPTY_BODY = YES;
				CLANG_WARN_ENUM_CONVERSION = YES;
				CLANG_WARN_INFINITE_RECURSION = YES;
				CLANG_WARN_INT_CONVERSION = YES;
				CLANG_WARN_OBJC_ROOT_CLASS = YES_ERROR;
				CLANG_WARN_SUSPICIOUS_MOVES = YES;
				CLANG_WARN_UNREACHABLE_CODE = YES;
				CLANG_WARN__DUPLICATE_METHOD_MATCH = YES;
				CODE_SIGN_IDENTITY = "-";
				COPY_PHASE_STRIP = NO;
				DEBUG_INFORMATION_FORMAT = dwarf;
				ENABLE_STRICT_OBJC_MSGSEND = YES;
				ENABLE_TESTABILITY = YES;
				GCC_C_LANGUAGE_STANDARD = gnu99;
				GCC_DYNAMIC_NO_PIC = NO;
				GCC_NO_COMMON_BLOCKS = YES;
				GCC_OPTIMIZATION_LEVEL = 0;
				GCC_PREPROCESSOR_DEFINITIONS = (
					"DEBUG=1",
					"$(inherited)",
				);
				GCC_WARN_64_TO_32_BIT_CONVERSION = YES;
				GCC_WARN_ABOUT_RETURN_TYPE = YES_ERROR;
				GCC_WARN_UNDECLARED_SELECTOR = YES;
				GCC_WARN_UNINITIALIZED_AUTOS = YES_AGGRESSIVE;
				GCC_WARN_UNUSED_FUNCTION = YES;
				GCC_WARN_UNUSED_VARIABLE = YES;
				MACOSX_DEPLOYMENT_TARGET = 10.12;
				MTL_ENABLE_DEBUG_INFO = YES;
				ONLY_ACTIVE_ARCH = YES;
				SDKROOT = macosx;
			};
			name = Debug;
		};
		C64C62C31D993D5800547D86 /* Release */ = {
			isa = XCBuildConfiguration;
			buildSettings = {
				ALWAYS_SEARCH_USER_PATHS = NO;
				CLANG_ANALYZER_NONNULL = YES;
				CLANG_CXX_LANGUAGE_STANDARD = "gnu++0x";
				CLANG_CXX_LIBRARY = "libc++";
				CLANG_ENABLE_MODULES = YES;
				CLANG_ENABLE_OBJC_ARC = YES;
				CLANG_WARN_BOOL_CONVERSION = YES;
				CLANG_WARN_CONSTANT_CONVERSION = YES;
				CLANG_WARN_DIRECT_OBJC_ISA_USAGE = YES_ERROR;
				CLANG_WARN_DOCUMENTATION_COMMENTS = YES;
				CLANG_WARN_EMPTY_BODY = YES;
				CLANG_WARN_ENUM_CONVERSION = YES;
				CLANG_WARN_INFINITE_RECURSION = YES;
				CLANG_WARN_INT_CONVERSION = YES;
				CLANG_WARN_OBJC_ROOT_CLASS = YES_ERROR;
				CLANG_WARN_SUSPICIOUS_MOVES = YES;
				CLANG_WARN_UNREACHABLE_CODE = YES;
				CLANG_WARN__DUPLICATE_METHOD_MATCH = YES;
				CODE_SIGN_IDENTITY = "-";
				COPY_PHASE_STRIP = NO;
				DEBUG_INFORMATION_FORMAT = "dwarf-with-dsym";
				ENABLE_NS_ASSERTIONS = NO;
				ENABLE_STRICT_OBJC_MSGSEND = YES;
				GCC_C_LANGUAGE_STANDARD = gnu99;
				GCC_NO_COMMON_BLOCKS = YES;
				GCC_WARN_64_TO_32_BIT_CONVERSION = YES;
				GCC_WARN_ABOUT_RETURN_TYPE = YES_ERROR;
				GCC_WARN_UNDECLARED_SELECTOR = YES;
				GCC_WARN_UNINITIALIZED_AUTOS = YES_AGGRESSIVE;
				GCC_WARN_UNUSED_FUNCTION = YES;
				GCC_WARN_UNUSED_VARIABLE = YES;
				MACOSX_DEPLOYMENT_TARGET = 10.12;
				MTL_ENABLE_DEBUG_INFO = NO;
				SDKROOT = macosx;
			};
			name = Release;
		};
		C64C62C51D993D5800547D86 /* Debug */ = {
			isa = XCBuildConfiguration;
			baseConfigurationReference = D5968986389C9608D888FE08 /* Pods-iPhoneAvailability.debug.xcconfig */;
			buildSettings = {
				ASSETCATALOG_COMPILER_APPICON_NAME = AppIcon;
				COMBINE_HIDPI_IMAGES = YES;
				DEVELOPMENT_TEAM = DMJXDB9H6Q;
				INFOPLIST_FILE = iPhoneAvailability/Info.plist;
				LD_RUNPATH_SEARCH_PATHS = "$(inherited) @executable_path/../Frameworks";
				PRODUCT_BUNDLE_IDENTIFIER = com.wutian.iPhoneAvailability;
				PRODUCT_NAME = "$(TARGET_NAME)";
			};
			name = Debug;
		};
		C64C62C61D993D5800547D86 /* Release */ = {
			isa = XCBuildConfiguration;
			baseConfigurationReference = 7DBE51BDACA73313CCFBDFD6 /* Pods-iPhoneAvailability.release.xcconfig */;
			buildSettings = {
				ASSETCATALOG_COMPILER_APPICON_NAME = AppIcon;
				COMBINE_HIDPI_IMAGES = YES;
				DEVELOPMENT_TEAM = DMJXDB9H6Q;
				INFOPLIST_FILE = iPhoneAvailability/Info.plist;
				LD_RUNPATH_SEARCH_PATHS = "$(inherited) @executable_path/../Frameworks";
				PRODUCT_BUNDLE_IDENTIFIER = com.wutian.iPhoneAvailability;
				PRODUCT_NAME = "$(TARGET_NAME)";
			};
			name = Release;
		};
		C64C62C81D993D5800547D86 /* Debug */ = {
			isa = XCBuildConfiguration;
			buildSettings = {
				BUNDLE_LOADER = "$(TEST_HOST)";
				COMBINE_HIDPI_IMAGES = YES;
				DEVELOPMENT_TEAM = DMJXDB9H6Q;
				INFOPLIST_FILE = iPhoneAvailabilityTests/Info.plist;
				LD_RUNPATH_SEARCH_PATHS = "$(inherited) @executable_path/../Frameworks @loader_path/../Frameworks";
				PRODUCT_BUNDLE_IDENTIFIER = com.wutian.iPhoneAvailabilityTests;
				PRODUCT_NAME = "$(TARGET_NAME)";
				TEST_HOST = "$(BUILT_PRODUCTS_DIR)/iPhoneAvailability.app/Contents/MacOS/iPhoneAvailability";
			};
			name = Debug;
		};
		C64C62C91D993D5800547D86 /* Release */ = {
			isa = XCBuildConfiguration;
			buildSettings = {
				BUNDLE_LOADER = "$(TEST_HOST)";
				COMBINE_HIDPI_IMAGES = YES;
				DEVELOPMENT_TEAM = DMJXDB9H6Q;
				INFOPLIST_FILE = iPhoneAvailabilityTests/Info.plist;
				LD_RUNPATH_SEARCH_PATHS = "$(inherited) @executable_path/../Frameworks @loader_path/../Frameworks";
				PRODUCT_BUNDLE_IDENTIFIER = com.wutian.iPhoneAvailabilityTests;
				PRODUCT_NAME = "$(TARGET_NAME)";
				TEST_HOST = "$(BUILT_PRODUCTS_DIR)/iPhoneAvailability.app/Contents/MacOS/iPhoneAvailability";
			};
			name = Release;
		};
		C64C62CB1D993D5800547D86 /* Debug */ = {
			isa = XCBuildConfiguration;
			buildSettings = {
				COMBINE_HIDPI_IMAGES = YES;
				DEVELOPMENT_TEAM = DMJXDB9H6Q;
				INFOPLIST_FILE = iPhoneAvailabilityUITests/Info.plist;
				LD_RUNPATH_SEARCH_PATHS = "$(inherited) @executable_path/../Frameworks @loader_path/../Frameworks";
				PRODUCT_BUNDLE_IDENTIFIER = com.wutian.iPhoneAvailabilityUITests;
				PRODUCT_NAME = "$(TARGET_NAME)";
				TEST_TARGET_NAME = iPhoneAvailability;
			};
			name = Debug;
		};
		C64C62CC1D993D5800547D86 /* Release */ = {
			isa = XCBuildConfiguration;
			buildSettings = {
				COMBINE_HIDPI_IMAGES = YES;
				DEVELOPMENT_TEAM = DMJXDB9H6Q;
				INFOPLIST_FILE = iPhoneAvailabilityUITests/Info.plist;
				LD_RUNPATH_SEARCH_PATHS = "$(inherited) @executable_path/../Frameworks @loader_path/../Frameworks";
				PRODUCT_BUNDLE_IDENTIFIER = com.wutian.iPhoneAvailabilityUITests;
				PRODUCT_NAME = "$(TARGET_NAME)";
				TEST_TARGET_NAME = iPhoneAvailability;
			};
			name = Release;
		};
/* End XCBuildConfiguration section */

/* Begin XCConfigurationList section */
		C64C62951D993D5800547D86 /* Build configuration list for PBXProject "iPhoneAvailability" */ = {
			isa = XCConfigurationList;
			buildConfigurations = (
				C64C62C21D993D5800547D86 /* Debug */,
				C64C62C31D993D5800547D86 /* Release */,
			);
			defaultConfigurationIsVisible = 0;
			defaultConfigurationName = Release;
		};
		C64C62C41D993D5800547D86 /* Build configuration list for PBXNativeTarget "iPhoneAvailability" */ = {
			isa = XCConfigurationList;
			buildConfigurations = (
				C64C62C51D993D5800547D86 /* Debug */,
				C64C62C61D993D5800547D86 /* Release */,
			);
			defaultConfigurationIsVisible = 0;
			defaultConfigurationName = Release;
		};
		C64C62C71D993D5800547D86 /* Build configuration list for PBXNativeTarget "iPhoneAvailabilityTests" */ = {
			isa = XCConfigurationList;
			buildConfigurations = (
				C64C62C81D993D5800547D86 /* Debug */,
				C64C62C91D993D5800547D86 /* Release */,
			);
			defaultConfigurationIsVisible = 0;
			defaultConfigurationName = Release;
		};
		C64C62CA1D993D5800547D86 /* Build configuration list for PBXNativeTarget "iPhoneAvailabilityUITests" */ = {
			isa = XCConfigurationList;
			buildConfigurations = (
				C64C62CB1D993D5800547D86 /* Debug */,
				C64C62CC1D993D5800547D86 /* Release */,
			);
			defaultConfigurationIsVisible = 0;
			defaultConfigurationName = Release;
		};
/* End XCConfigurationList section */
	};
	rootObject = C64C62921D993D5800547D86 /* Project object */;
}
